
Microsoft Visual Studio Solution File, Format Version 12.00
# Visual Studio Version 17
VisualStudioVersion = 17.14.36327.8
MinimumVisualStudioVersion = 10.0.40219.1
Project("{FAE04EC0-301F-11D3-BF4B-00C04F79EFBC}") = "PD2BanksInfoEditor", "PD2BanksInfoEditor.csproj", "{D62BDB49-08C7-4BB2-B5B4-5458BDD30CAF}"
EndProject
Global
	GlobalSection(SolutionConfigurationPlatforms) = preSolution
		Debug|Any CPU = Debug|Any CPU
		Release|Any CPU = Release|Any CPU
	EndGlobalSection
	GlobalSection(ProjectConfigurationPlatforms) = postSolution
		{D62BDB49-08C7-4BB2-B5B4-5458BDD30CAF}.Debug|Any CPU.ActiveCfg = Debug|Any CPU
		{D62BDB49-08C7-4BB2-B5B4-5458BDD30CAF}.Debug|Any CPU.Build.0 = Debug|Any CPU
		{D62BDB49-08C7-4BB2-B5B4-5458BDD30CAF}.Release|Any CPU.ActiveCfg = Release|Any CPU
		{D62BDB49-08C7-4BB2-B5B4-5458BDD30CAF}.Release|Any CPU.Build.0 = Release|Any CPU
	EndGlobalSection
	GlobalSection(SolutionProperties) = preSolution
		HideSolutionNode = FALSE
	EndGlobalSection
	GlobalSection(ExtensibilityGlobals) = postSolution
		SolutionGuid = {2C191DAE-A083-4B73-9D91-5CE6E3ACB1C4}
	EndGlobalSection
EndGlobal
